
Microsoft Visual Studio Solution File, Format Version 12.00
# Visual Studio 2013
VisualStudioVersion = 12.0.40629.0
MinimumVisualStudioVersion = 10.0.40219.1
Project("{FAE04EC0-301F-11D3-BF4B-00C04F79EFBC}") = "CodeFights", "CodeFights\CodeFights.csproj", "{0C2B412D-B5A3-44EF-8431-1CFC93A3AB28}"
EndProject
Project("{FAE04EC0-301F-11D3-BF4B-00C04F79EFBC}") = "CodeFights.Tests", "CodeFights.Tests\CodeFights.Tests.csproj", "{0710C379-0CEE-445E-9A7F-C2D3328F8849}"
EndProject
Project("{2150E333-8FDC-42A3-9474-1A3956D46DE8}") = ".nuget", ".nuget", "{5C60B445-A3BB-42C4-88BF-A8124913A25F}"
	ProjectSection(SolutionItems) = preProject
		.nuget\packages.config = .nuget\packages.config
	EndProjectSection
EndProject
Global
	GlobalSection(SolutionConfigurationPlatforms) = preSolution
		Debug|Any CPU = Debug|Any CPU
		Release|Any CPU = Release|Any CPU
	EndGlobalSection
	GlobalSection(ProjectConfigurationPlatforms) = postSolution
		{0C2B412D-B5A3-44EF-8431-1CFC93A3AB28}.Debug|Any CPU.ActiveCfg = Debug|Any CPU
		{0C2B412D-B5A3-44EF-8431-1CFC93A3AB28}.Debug|Any CPU.Build.0 = Debug|Any CPU
		{0C2B412D-B5A3-44EF-8431-1CFC93A3AB28}.Release|Any CPU.ActiveCfg = Release|Any CPU
		{0C2B412D-B5A3-44EF-8431-1CFC93A3AB28}.Release|Any CPU.Build.0 = Release|Any CPU
		{0710C379-0CEE-445E-9A7F-C2D3328F8849}.Debug|Any CPU.ActiveCfg = Debug|Any CPU
		{0710C379-0CEE-445E-9A7F-C2D3328F8849}.Debug|Any CPU.Build.0 = Debug|Any CPU
		{0710C379-0CEE-445E-9A7F-C2D3328F8849}.Release|Any CPU.ActiveCfg = Release|Any CPU
		{0710C379-0CEE-445E-9A7F-C2D3328F8849}.Release|Any CPU.Build.0 = Release|Any CPU
	EndGlobalSection
	GlobalSection(SolutionProperties) = preSolution
		HideSolutionNode = FALSE
	EndGlobalSection
EndGlobal
